
Microsoft Visual Studio Solution File, Format Version 12.00
Project("{FAE04EC0-301F-11D3-BF4B-00C04F79EFBC}") = "D3.TwistPin.Main", "D3.TwistPin.Main\D3.TwistPin.Main.csproj", "{F7EC6375-2E1E-4904-9F77-D41A11536BB7}"
EndProject
Global
	GlobalSection(SolutionConfigurationPlatforms) = preSolution
		Debug|Any CPU = Debug|Any CPU
		Release|Any CPU = Release|Any CPU
	EndGlobalSection
	GlobalSection(ProjectConfigurationPlatforms) = postSolution
		{F7EC6375-2E1E-4904-9F77-D41A11536BB7}.Debug|Any CPU.ActiveCfg = Debug|Any CPU
		{F7EC6375-2E1E-4904-9F77-D41A11536BB7}.Debug|Any CPU.Build.0 = Debug|Any CPU
		{F7EC6375-2E1E-4904-9F77-D41A11536BB7}.Release|Any CPU.ActiveCfg = Release|Any CPU
		{F7EC6375-2E1E-4904-9F77-D41A11536BB7}.Release|Any CPU.Build.0 = Release|Any CPU
	EndGlobalSection
EndGlobal
